
Microsoft Visual Studio Solution File, Format Version 12.00
# Visual Studio Version 17
VisualStudioVersion = 17.11.35431.28
MinimumVisualStudioVersion = 10.0.40219.1
Project("{2150E333-8FDC-42A3-9474-1A3956D46DE8}") = "src", "src", "{E4E99252-2B38-446B-BD99-5F25664192FC}"
EndProject
Project("{2150E333-8FDC-42A3-9474-1A3956D46DE8}") = "test", "test", "{93B987C1-C526-46F3-8503-1B758E24981E}"
EndProject
Project("{2150E333-8FDC-42A3-9474-1A3956D46DE8}") = "1.Application", "1.Application", "{9CF4852F-92DC-4E9B-A8CE-7CA050A55F82}"
EndProject
Project("{2150E333-8FDC-42A3-9474-1A3956D46DE8}") = "2.Service", "2.Service", "{7F073AF3-6E61-48FE-A2BC-031D19095257}"
EndProject
Project("{2150E333-8FDC-42A3-9474-1A3956D46DE8}") = "4.Repository", "4.Repository", "{240B0BAF-44AE-4E3C-8278-1F3E206E8299}"
EndProject
Project("{2150E333-8FDC-42A3-9474-1A3956D46DE8}") = "3.Domain", "3.Domain", "{8ADEBA44-B36B-4277-A7D5-C96EB12635EB}"
EndProject
Project("{2150E333-8FDC-42A3-9474-1A3956D46DE8}") = "5.Dependency", "5.Dependency", "{E5C4B30B-7DD1-4E89-A963-F884E06320D8}"
EndProject
Project("{FAE04EC0-301F-11D3-BF4B-00C04F79EFBC}") = "SentinelCore.Domain", "src\domain\SentinelCore.Domain\SentinelCore.Domain.csproj", "{7F0C0465-0233-4F4C-8124-17369337F4BF}"
EndProject
Project("{2150E333-8FDC-42A3-9474-1A3956D46DE8}") = "MediaLoader", "MediaLoader", "{74D869E1-E47A-4537-AB2F-D0F9692C951F}"
EndProject
Project("{FAE04EC0-301F-11D3-BF4B-00C04F79EFBC}") = "MediaLoader.OpenCV", "src\dependency\MediaLoader.OpenCV\MediaLoader.OpenCV.csproj", "{7172EC91-366F-4BB5-ACEF-33C9AEA313DA}"
EndProject
Project("{2150E333-8FDC-42A3-9474-1A3956D46DE8}") = "5.Dependency", "5.Dependency", "{DB4036AD-78E6-4656-8B08-903356017BDF}"
EndProject
Project("{FAE04EC0-301F-11D3-BF4B-00C04F79EFBC}") = "MediaLoader.Tests", "test\dependency\MediaLoader.Tests\MediaLoader.Tests.csproj", "{68A32995-A85E-40BD-8E0A-D4E4B2857013}"
EndProject
Project("{FAE04EC0-301F-11D3-BF4B-00C04F79EFBC}") = "MediaLoader.FFMpeg", "src\dependency\MediaLoader.FFMpeg\MediaLoader.FFMpeg.csproj", "{47FC6735-E934-44F5-A98B-F3857F3ABCC3}"
EndProject
Project("{2150E333-8FDC-42A3-9474-1A3956D46DE8}") = "Detector", "Detector", "{FE4337AD-208C-4FE2-8FE0-D9C59BF7D688}"
EndProject
Project("{FAE04EC0-301F-11D3-BF4B-00C04F79EFBC}") = "Detector.YoloV5Onnx", "src\dependency\Detector.YoloV5Onnx\Detector.YoloV5Onnx.csproj", "{ECB78B0B-4621-4386-91DD-B87CE759FE34}"
EndProject
Project("{FAE04EC0-301F-11D3-BF4B-00C04F79EFBC}") = "Detector.Tests", "test\dependency\Detector.Tests\Detector.Tests.csproj", "{9B3AACBA-72EF-418B-B7E8-7CA09B7292BF}"
EndProject
Project("{FAE04EC0-301F-11D3-BF4B-00C04F79EFBC}") = "Detector.YoloV11Onnx", "src\dependency\Detector.YoloV11Onnx\Detector.YoloV11Onnx.csproj", "{AB35950C-AD8D-4503-9273-8BF34C0BB459}"
EndProject
Project("{2150E333-8FDC-42A3-9474-1A3956D46DE8}") = "Tracker", "Tracker", "{14284EAC-460D-47B6-A033-E60847AB850C}"
EndProject
Project("{FAE04EC0-301F-11D3-BF4B-00C04F79EFBC}") = "Tracker.Sort", "src\dependency\Tracker.Sort\Tracker.Sort.csproj", "{E9335CC0-42B4-4259-9F0D-EE7CA208EC3D}"
EndProject
Project("{FAE04EC0-301F-11D3-BF4B-00C04F79EFBC}") = "Tracker.Tests", "test\dependency\Tracker.Tests\Tracker.Tests.csproj", "{A7EA5562-5212-42CD-A41E-FB63A7E6362B}"
EndProject
Project("{2150E333-8FDC-42A3-9474-1A3956D46DE8}") = "RegionManager", "RegionManager", "{3BD958D1-2EA4-4025-8C23-6EDFD6637B61}"
EndProject
Project("{FAE04EC0-301F-11D3-BF4B-00C04F79EFBC}") = "RegionManager.DefinitionBased", "src\dependency\RegionManager.DefinitionBased\RegionManager.DefinitionBased.csproj", "{3E1F52EA-9951-4F85-A7FF-FB4C5B7725B7}"
EndProject
Project("{2150E333-8FDC-42A3-9474-1A3956D46DE8}") = "3.Domain", "3.Domain", "{9356AD10-DE8C-4777-B952-D084F74C6588}"
EndProject
Project("{FAE04EC0-301F-11D3-BF4B-00C04F79EFBC}") = "SentinelCore.Domain.Tests", "test\domain\SentinelCore.Domain.Tests\SentinelCore.Domain.Tests.csproj", "{24036A93-8CFB-4D00-87FA-BB51D8BE11DA}"
EndProject
Project("{2150E333-8FDC-42A3-9474-1A3956D46DE8}") = "SnapshotManager", "SnapshotManager", "{0699A4A2-878F-4D42-9F94-DEADA94D1F18}"
EndProject
Project("{FAE04EC0-301F-11D3-BF4B-00C04F79EFBC}") = "SnapshotManager.InMemory", "src\dependency\SnapshotManager.InMemory\SnapshotManager.InMemory.csproj", "{B456648F-6F00-47AB-84C3-AC8600A9B89C}"
EndProject
Project("{2150E333-8FDC-42A3-9474-1A3956D46DE8}") = "2.Service", "2.Service", "{EEC1E9D4-6079-4318-8FE8-5FA00882B9E8}"
EndProject
Project("{FAE04EC0-301F-11D3-BF4B-00C04F79EFBC}") = "SentinelCore.Service", "src\service\SentinelCore.Service\SentinelCore.Service.csproj", "{3DDFA318-F343-457A-8F7F-B30E06E7E362}"
EndProject
Project("{FAE04EC0-301F-11D3-BF4B-00C04F79EFBC}") = "SentinelCore.Service.Tests", "test\service\SentinelCore.Service.Tests\SentinelCore.Service.Tests.csproj", "{588E6574-6DA1-4F64-A3FC-0364CA7FCE12}"
EndProject
Global
	GlobalSection(SolutionConfigurationPlatforms) = preSolution
		Debug|Any CPU = Debug|Any CPU
		Release|Any CPU = Release|Any CPU
	EndGlobalSection
	GlobalSection(ProjectConfigurationPlatforms) = postSolution
		{7F0C0465-0233-4F4C-8124-17369337F4BF}.Debug|Any CPU.ActiveCfg = Debug|Any CPU
		{7F0C0465-0233-4F4C-8124-17369337F4BF}.Debug|Any CPU.Build.0 = Debug|Any CPU
		{7F0C0465-0233-4F4C-8124-17369337F4BF}.Release|Any CPU.ActiveCfg = Release|Any CPU
		{7F0C0465-0233-4F4C-8124-17369337F4BF}.Release|Any CPU.Build.0 = Release|Any CPU
		{7172EC91-366F-4BB5-ACEF-33C9AEA313DA}.Debug|Any CPU.ActiveCfg = Debug|Any CPU
		{7172EC91-366F-4BB5-ACEF-33C9AEA313DA}.Debug|Any CPU.Build.0 = Debug|Any CPU
		{7172EC91-366F-4BB5-ACEF-33C9AEA313DA}.Release|Any CPU.ActiveCfg = Release|Any CPU
		{7172EC91-366F-4BB5-ACEF-33C9AEA313DA}.Release|Any CPU.Build.0 = Release|Any CPU
		{68A32995-A85E-40BD-8E0A-D4E4B2857013}.Debug|Any CPU.ActiveCfg = Debug|Any CPU
		{68A32995-A85E-40BD-8E0A-D4E4B2857013}.Debug|Any CPU.Build.0 = Debug|Any CPU
		{68A32995-A85E-40BD-8E0A-D4E4B2857013}.Release|Any CPU.ActiveCfg = Release|Any CPU
		{68A32995-A85E-40BD-8E0A-D4E4B2857013}.Release|Any CPU.Build.0 = Release|Any CPU
		{47FC6735-E934-44F5-A98B-F3857F3ABCC3}.Debug|Any CPU.ActiveCfg = Debug|Any CPU
		{47FC6735-E934-44F5-A98B-F3857F3ABCC3}.Debug|Any CPU.Build.0 = Debug|Any CPU
		{47FC6735-E934-44F5-A98B-F3857F3ABCC3}.Release|Any CPU.ActiveCfg = Release|Any CPU
		{47FC6735-E934-44F5-A98B-F3857F3ABCC3}.Release|Any CPU.Build.0 = Release|Any CPU
		{ECB78B0B-4621-4386-91DD-B87CE759FE34}.Debug|Any CPU.ActiveCfg = Debug|Any CPU
		{ECB78B0B-4621-4386-91DD-B87CE759FE34}.Debug|Any CPU.Build.0 = Debug|Any CPU
		{ECB78B0B-4621-4386-91DD-B87CE759FE34}.Release|Any CPU.ActiveCfg = Release|Any CPU
		{ECB78B0B-4621-4386-91DD-B87CE759FE34}.Release|Any CPU.Build.0 = Release|Any CPU
		{9B3AACBA-72EF-418B-B7E8-7CA09B7292BF}.Debug|Any CPU.ActiveCfg = Debug|Any CPU
		{9B3AACBA-72EF-418B-B7E8-7CA09B7292BF}.Debug|Any CPU.Build.0 = Debug|Any CPU
		{9B3AACBA-72EF-418B-B7E8-7CA09B7292BF}.Release|Any CPU.ActiveCfg = Release|Any CPU
		{9B3AACBA-72EF-418B-B7E8-7CA09B7292BF}.Release|Any CPU.Build.0 = Release|Any CPU
		{AB35950C-AD8D-4503-9273-8BF34C0BB459}.Debug|Any CPU.ActiveCfg = Debug|Any CPU
		{AB35950C-AD8D-4503-9273-8BF34C0BB459}.Debug|Any CPU.Build.0 = Debug|Any CPU
		{AB35950C-AD8D-4503-9273-8BF34C0BB459}.Release|Any CPU.ActiveCfg = Release|Any CPU
		{AB35950C-AD8D-4503-9273-8BF34C0BB459}.Release|Any CPU.Build.0 = Release|Any CPU
		{E9335CC0-42B4-4259-9F0D-EE7CA208EC3D}.Debug|Any CPU.ActiveCfg = Debug|Any CPU
		{E9335CC0-42B4-4259-9F0D-EE7CA208EC3D}.Debug|Any CPU.Build.0 = Debug|Any CPU
		{E9335CC0-42B4-4259-9F0D-EE7CA208EC3D}.Release|Any CPU.ActiveCfg = Release|Any CPU
		{E9335CC0-42B4-4259-9F0D-EE7CA208EC3D}.Release|Any CPU.Build.0 = Release|Any CPU
		{A7EA5562-5212-42CD-A41E-FB63A7E6362B}.Debug|Any CPU.ActiveCfg = Debug|Any CPU
		{A7EA5562-5212-42CD-A41E-FB63A7E6362B}.Debug|Any CPU.Build.0 = Debug|Any CPU
		{A7EA5562-5212-42CD-A41E-FB63A7E6362B}.Release|Any CPU.ActiveCfg = Release|Any CPU
		{A7EA5562-5212-42CD-A41E-FB63A7E6362B}.Release|Any CPU.Build.0 = Release|Any CPU
		{3E1F52EA-9951-4F85-A7FF-FB4C5B7725B7}.Debug|Any CPU.ActiveCfg = Debug|Any CPU
		{3E1F52EA-9951-4F85-A7FF-FB4C5B7725B7}.Debug|Any CPU.Build.0 = Debug|Any CPU
		{3E1F52EA-9951-4F85-A7FF-FB4C5B7725B7}.Release|Any CPU.ActiveCfg = Release|Any CPU
		{3E1F52EA-9951-4F85-A7FF-FB4C5B7725B7}.Release|Any CPU.Build.0 = Release|Any CPU
		{24036A93-8CFB-4D00-87FA-BB51D8BE11DA}.Debug|Any CPU.ActiveCfg = Debug|Any CPU
		{24036A93-8CFB-4D00-87FA-BB51D8BE11DA}.Debug|Any CPU.Build.0 = Debug|Any CPU
		{24036A93-8CFB-4D00-87FA-BB51D8BE11DA}.Release|Any CPU.ActiveCfg = Release|Any CPU
		{24036A93-8CFB-4D00-87FA-BB51D8BE11DA}.Release|Any CPU.Build.0 = Release|Any CPU
		{B456648F-6F00-47AB-84C3-AC8600A9B89C}.Debug|Any CPU.ActiveCfg = Debug|Any CPU
		{B456648F-6F00-47AB-84C3-AC8600A9B89C}.Debug|Any CPU.Build.0 = Debug|Any CPU
		{B456648F-6F00-47AB-84C3-AC8600A9B89C}.Release|Any CPU.ActiveCfg = Release|Any CPU
		{B456648F-6F00-47AB-84C3-AC8600A9B89C}.Release|Any CPU.Build.0 = Release|Any CPU
		{3DDFA318-F343-457A-8F7F-B30E06E7E362}.Debug|Any CPU.ActiveCfg = Debug|Any CPU
		{3DDFA318-F343-457A-8F7F-B30E06E7E362}.Debug|Any CPU.Build.0 = Debug|Any CPU
		{3DDFA318-F343-457A-8F7F-B30E06E7E362}.Release|Any CPU.ActiveCfg = Release|Any CPU
		{3DDFA318-F343-457A-8F7F-B30E06E7E362}.Release|Any CPU.Build.0 = Release|Any CPU
		{588E6574-6DA1-4F64-A3FC-0364CA7FCE12}.Debug|Any CPU.ActiveCfg = Debug|Any CPU
		{588E6574-6DA1-4F64-A3FC-0364CA7FCE12}.Debug|Any CPU.Build.0 = Debug|Any CPU
		{588E6574-6DA1-4F64-A3FC-0364CA7FCE12}.Release|Any CPU.ActiveCfg = Release|Any CPU
		{588E6574-6DA1-4F64-A3FC-0364CA7FCE12}.Release|Any CPU.Build.0 = Release|Any CPU
	EndGlobalSection
	GlobalSection(SolutionProperties) = preSolution
		HideSolutionNode = FALSE
	EndGlobalSection
	GlobalSection(NestedProjects) = preSolution
		{9CF4852F-92DC-4E9B-A8CE-7CA050A55F82} = {E4E99252-2B38-446B-BD99-5F25664192FC}
		{7F073AF3-6E61-48FE-A2BC-031D19095257} = {E4E99252-2B38-446B-BD99-5F25664192FC}
		{240B0BAF-44AE-4E3C-8278-1F3E206E8299} = {E4E99252-2B38-446B-BD99-5F25664192FC}
		{8ADEBA44-B36B-4277-A7D5-C96EB12635EB} = {E4E99252-2B38-446B-BD99-5F25664192FC}
		{E5C4B30B-7DD1-4E89-A963-F884E06320D8} = {E4E99252-2B38-446B-BD99-5F25664192FC}
		{7F0C0465-0233-4F4C-8124-17369337F4BF} = {8ADEBA44-B36B-4277-A7D5-C96EB12635EB}
		{74D869E1-E47A-4537-AB2F-D0F9692C951F} = {E5C4B30B-7DD1-4E89-A963-F884E06320D8}
		{7172EC91-366F-4BB5-ACEF-33C9AEA313DA} = {74D869E1-E47A-4537-AB2F-D0F9692C951F}
		{DB4036AD-78E6-4656-8B08-903356017BDF} = {93B987C1-C526-46F3-8503-1B758E24981E}
		{68A32995-A85E-40BD-8E0A-D4E4B2857013} = {DB4036AD-78E6-4656-8B08-903356017BDF}
		{47FC6735-E934-44F5-A98B-F3857F3ABCC3} = {74D869E1-E47A-4537-AB2F-D0F9692C951F}
		{FE4337AD-208C-4FE2-8FE0-D9C59BF7D688} = {E5C4B30B-7DD1-4E89-A963-F884E06320D8}
		{ECB78B0B-4621-4386-91DD-B87CE759FE34} = {FE4337AD-208C-4FE2-8FE0-D9C59BF7D688}
		{9B3AACBA-72EF-418B-B7E8-7CA09B7292BF} = {DB4036AD-78E6-4656-8B08-903356017BDF}
		{AB35950C-AD8D-4503-9273-8BF34C0BB459} = {FE4337AD-208C-4FE2-8FE0-D9C59BF7D688}
		{14284EAC-460D-47B6-A033-E60847AB850C} = {E5C4B30B-7DD1-4E89-A963-F884E06320D8}
		{E9335CC0-42B4-4259-9F0D-EE7CA208EC3D} = {14284EAC-460D-47B6-A033-E60847AB850C}
		{A7EA5562-5212-42CD-A41E-FB63A7E6362B} = {DB4036AD-78E6-4656-8B08-903356017BDF}
		{3BD958D1-2EA4-4025-8C23-6EDFD6637B61} = {E5C4B30B-7DD1-4E89-A963-F884E06320D8}
		{3E1F52EA-9951-4F85-A7FF-FB4C5B7725B7} = {3BD958D1-2EA4-4025-8C23-6EDFD6637B61}
		{9356AD10-DE8C-4777-B952-D084F74C6588} = {93B987C1-C526-46F3-8503-1B758E24981E}
		{24036A93-8CFB-4D00-87FA-BB51D8BE11DA} = {9356AD10-DE8C-4777-B952-D084F74C6588}
		{0699A4A2-878F-4D42-9F94-DEADA94D1F18} = {E5C4B30B-7DD1-4E89-A963-F884E06320D8}
		{B456648F-6F00-47AB-84C3-AC8600A9B89C} = {0699A4A2-878F-4D42-9F94-DEADA94D1F18}
		{EEC1E9D4-6079-4318-8FE8-5FA00882B9E8} = {93B987C1-C526-46F3-8503-1B758E24981E}
		{3DDFA318-F343-457A-8F7F-B30E06E7E362} = {7F073AF3-6E61-48FE-A2BC-031D19095257}
		{588E6574-6DA1-4F64-A3FC-0364CA7FCE12} = {EEC1E9D4-6079-4318-8FE8-5FA00882B9E8}
	EndGlobalSection
	GlobalSection(ExtensibilityGlobals) = postSolution
		SolutionGuid = {9572C7DE-17AC-40C7-A46E-C2E48064E3F9}
	EndGlobalSection
EndGlobal
